
Microsoft Visual Studio Solution File, Format Version 12.00
# Visual Studio Version 17
VisualStudioVersion = 17.14.36616.10 d17.14
MinimumVisualStudioVersion = 10.0.40219.1
Project("{FAE04EC0-301F-11D3-BF4B-00C04F79EFBC}") = "TicketMangementAPI", "TicketMangementAPI.csproj", "{634A1080-39C8-4835-A290-00CB3AE65F1A}"
EndProject
Global
	GlobalSection(SolutionConfigurationPlatforms) = preSolution
		Debug|Any CPU = Debug|Any CPU
		Release|Any CPU = Release|Any CPU
	EndGlobalSection
	GlobalSection(ProjectConfigurationPlatforms) = postSolution
		{634A1080-39C8-4835-A290-00CB3AE65F1A}.Debug|Any CPU.ActiveCfg = Debug|Any CPU
		{634A1080-39C8-4835-A290-00CB3AE65F1A}.Debug|Any CPU.Build.0 = Debug|Any CPU
		{634A1080-39C8-4835-A290-00CB3AE65F1A}.Release|Any CPU.ActiveCfg = Release|Any CPU
		{634A1080-39C8-4835-A290-00CB3AE65F1A}.Release|Any CPU.Build.0 = Release|Any CPU
	EndGlobalSection
	GlobalSection(SolutionProperties) = preSolution
		HideSolutionNode = FALSE
	EndGlobalSection
	GlobalSection(ExtensibilityGlobals) = postSolution
		SolutionGuid = {8E29AF35-60C3-42BF-9A1C-DE2C8EDE944F}
	EndGlobalSection
EndGlobal
